// !$*UTF8*$!
{
	archiveVersion = 1;
	classes = {
	};
	objectVersion = 55;
	objects = {

/* Begin PBXBuildFile section */
		E9372EAF27B0A6FF00C5298C /* MachOKit.framework in Frameworks */ = {isa = PBXBuildFile; fileRef = E9372E9D27B0A56B00C5298C /* MachOKit.framework */; platformFilters = (ios, macos, ); };
		E9372EB027B0A6FF00C5298C /* MachOKit.framework in Embed Frameworks */ = {isa = PBXBuildFile; fileRef = E9372E9D27B0A56B00C5298C /* MachOKit.framework */; platformFilters = (ios, macos, ); settings = {ATTRIBUTES = (CodeSignOnCopy, RemoveHeadersOnCopy, ); }; };
		E9625058291829280034FEF0 /* DLObjectiveCSymbols.m in Sources */ = {isa = PBXBuildFile; fileRef = E9625057291829280034FEF0 /* DLObjectiveCSymbols.m */; };
		E9625059291829290034FEF0 /* DLObjectiveCSymbols.m in Sources */ = {isa = PBXBuildFile; fileRef = E9625057291829280034FEF0 /* DLObjectiveCSymbols.m */; };
		E9679B862772DBBA00215D6C /* DLObjectiveCIVar.m in Sources */ = {isa = PBXBuildFile; fileRef = E9679B852772DBBA00215D6C /* DLObjectiveCIVar.m */; };
		E9679BAB27751A5900215D6C /* DLArgumentParser.m in Sources */ = {isa = PBXBuildFile; fileRef = E9679BAA27751A5900215D6C /* DLArgumentParser.m */; };
		E9679BAE277670DC00215D6C /* DLLogResults.m in Sources */ = {isa = PBXBuildFile; fileRef = E9679BAD277670DC00215D6C /* DLLogResults.m */; };
		E9679BB12776D51D00215D6C /* DLMainImage.m in Sources */ = {isa = PBXBuildFile; fileRef = E9679BB02776D51D00215D6C /* DLMainImage.m */; };
		E970D283291853280082AD77 /* NSMutableDictionary+AutoInsertEntry.m in Sources */ = {isa = PBXBuildFile; fileRef = E970D282291853280082AD77 /* NSMutableDictionary+AutoInsertEntry.m */; };
		E970D284291853280082AD77 /* NSMutableDictionary+AutoInsertEntry.m in Sources */ = {isa = PBXBuildFile; fileRef = E970D282291853280082AD77 /* NSMutableDictionary+AutoInsertEntry.m */; };
		E970D28B29185A5D0082AD77 /* ObjectiveCSymbolTest.m in Sources */ = {isa = PBXBuildFile; fileRef = E970D28A29185A5D0082AD77 /* ObjectiveCSymbolTest.m */; };
		E976C61028E11CBE00C972AF /* SwiftSymbolTest.m in Sources */ = {isa = PBXBuildFile; fileRef = E976C5FE28E1197100C972AF /* SwiftSymbolTest.m */; };
		E976C61128E1204500C972AF /* DLSwiftSymbols.m in Sources */ = {isa = PBXBuildFile; fileRef = E9C6F85328DCA20F00F1ED94 /* DLSwiftSymbols.m */; };
		E976C61228E1204500C972AF /* DLObjectiveCMethod.m in Sources */ = {isa = PBXBuildFile; fileRef = E9B9486B277193E2000D52A2 /* DLObjectiveCMethod.m */; };
		E976C61328E1204500C972AF /* DLObjectiveCIVar.m in Sources */ = {isa = PBXBuildFile; fileRef = E9679B852772DBBA00215D6C /* DLObjectiveCIVar.m */; };
		E976C61428E1204500C972AF /* DLMainImage.m in Sources */ = {isa = PBXBuildFile; fileRef = E9679BB02776D51D00215D6C /* DLMainImage.m */; };
		E976C61528E1204500C972AF /* main.m in Sources */ = {isa = PBXBuildFile; fileRef = E9B947C6276E6757000D52A2 /* main.m */; };
		E976C61628E1204500C972AF /* DLArgumentParser.m in Sources */ = {isa = PBXBuildFile; fileRef = E9679BAA27751A5900215D6C /* DLArgumentParser.m */; };
		E976C61728E1204500C972AF /* DLLibraryParser.m in Sources */ = {isa = PBXBuildFile; fileRef = E9B94841276EF75C000D52A2 /* DLLibraryParser.m */; };
		E976C61828E1204500C972AF /* DLLogResults.m in Sources */ = {isa = PBXBuildFile; fileRef = E9679BAD277670DC00215D6C /* DLLogResults.m */; };
		E976C61928E1204500C972AF /* DLStubBuilder.m in Sources */ = {isa = PBXBuildFile; fileRef = E9B9484727702948000D52A2 /* DLStubBuilder.m */; };
		E976C61A28E1204500C972AF /* DLError.m in Sources */ = {isa = PBXBuildFile; fileRef = E9F81AD228C8F5CF00B07345 /* DLError.m */; };
		E9B947C7276E6757000D52A2 /* main.m in Sources */ = {isa = PBXBuildFile; fileRef = E9B947C6276E6757000D52A2 /* main.m */; };
		E9B94842276EF75C000D52A2 /* DLLibraryParser.m in Sources */ = {isa = PBXBuildFile; fileRef = E9B94841276EF75C000D52A2 /* DLLibraryParser.m */; };
		E9B9484827702948000D52A2 /* DLStubBuilder.m in Sources */ = {isa = PBXBuildFile; fileRef = E9B9484727702948000D52A2 /* DLStubBuilder.m */; };
		E9B9486C277193E2000D52A2 /* DLObjectiveCMethod.m in Sources */ = {isa = PBXBuildFile; fileRef = E9B9486B277193E2000D52A2 /* DLObjectiveCMethod.m */; };
		E9C6F85428DCA20F00F1ED94 /* DLSwiftSymbols.m in Sources */ = {isa = PBXBuildFile; fileRef = E9C6F85328DCA20F00F1ED94 /* DLSwiftSymbols.m */; };
		E9F81AD328C8F5CF00B07345 /* DLError.m in Sources */ = {isa = PBXBuildFile; fileRef = E9F81AD228C8F5CF00B07345 /* DLError.m */; };
/* End PBXBuildFile section */

/* Begin PBXContainerItemProxy section */
		E9372E9C27B0A56B00C5298C /* PBXContainerItemProxy */ = {
			isa = PBXContainerItemProxy;
			containerPortal = E9372E9427B0A56B00C5298C /* MachOKit.xcodeproj */;
			proxyType = 2;
			remoteGlobalIDString = D02FEB361890FF88004E88ED;
			remoteInfo = MachOKit;
		};
		E9372E9E27B0A56B00C5298C /* PBXContainerItemProxy */ = {
			isa = PBXContainerItemProxy;
			containerPortal = E9372E9427B0A56B00C5298C /* MachOKit.xcodeproj */;
			proxyType = 2;
			remoteGlobalIDString = D02FEB4D1890FF88004E88ED;
			remoteInfo = MachOKitTests;
		};
		E9372EA027B0A56B00C5298C /* PBXContainerItemProxy */ = {
			isa = PBXContainerItemProxy;
			containerPortal = E9372E9427B0A56B00C5298C /* MachOKit.xcodeproj */;
			proxyType = 2;
			remoteGlobalIDString = D0A3BB741A68EB9D00D663A0;
			remoteInfo = libMachO;
		};
/* End PBXContainerItemProxy section */

/* Begin PBXCopyFilesBuildPhase section */
		E9372EB127B0A6FF00C5298C /* Embed Frameworks */ = {
			isa = PBXCopyFilesBuildPhase;
			buildActionMask = 2147483647;
			dstPath = "";
			dstSubfolderSpec = 10;
			files = (
				E9372EB027B0A6FF00C5298C /* MachOKit.framework in Embed Frameworks */,
			);
			name = "Embed Frameworks";
			runOnlyForDeploymentPostprocessing = 0;
		};
		E9B947C1276E6757000D52A2 /* CopyFiles */ = {
			isa = PBXCopyFilesBuildPhase;
			buildActionMask = 2147483647;
			dstPath = /usr/share/man/man1/;
			dstSubfolderSpec = 0;
			files = (
			);
			runOnlyForDeploymentPostprocessing = 1;
		};
/* End PBXCopyFilesBuildPhase section */

/* Begin PBXFileReference section */
		E9372E9427B0A56B00C5298C /* MachOKit.xcodeproj */ = {isa = PBXFileReference; lastKnownFileType = "wrapper.pb-project"; name = MachOKit.xcodeproj; path = "external/MachO-Kit/MachOKit.xcodeproj"; sourceTree = "<group>"; };
		E9625056291829280034FEF0 /* DLObjectiveCSymbols.h */ = {isa = PBXFileReference; lastKnownFileType = sourcecode.c.h; path = DLObjectiveCSymbols.h; sourceTree = "<group>"; };
		E9625057291829280034FEF0 /* DLObjectiveCSymbols.m */ = {isa = PBXFileReference; lastKnownFileType = sourcecode.c.objc; path = DLObjectiveCSymbols.m; sourceTree = "<group>"; };
		E9679B842772DBBA00215D6C /* DLObjectiveCIVar.h */ = {isa = PBXFileReference; lastKnownFileType = sourcecode.c.h; path = DLObjectiveCIVar.h; sourceTree = "<group>"; };
		E9679B852772DBBA00215D6C /* DLObjectiveCIVar.m */ = {isa = PBXFileReference; lastKnownFileType = sourcecode.c.objc; path = DLObjectiveCIVar.m; sourceTree = "<group>"; };
		E9679BA927751A5900215D6C /* DLArgumentParser.h */ = {isa = PBXFileReference; lastKnownFileType = sourcecode.c.h; path = DLArgumentParser.h; sourceTree = "<group>"; };
		E9679BAA27751A5900215D6C /* DLArgumentParser.m */ = {isa = PBXFileReference; lastKnownFileType = sourcecode.c.objc; path = DLArgumentParser.m; sourceTree = "<group>"; };
		E9679BAC277670DC00215D6C /* DLLogResults.h */ = {isa = PBXFileReference; lastKnownFileType = sourcecode.c.h; path = DLLogResults.h; sourceTree = "<group>"; };
		E9679BAD277670DC00215D6C /* DLLogResults.m */ = {isa = PBXFileReference; lastKnownFileType = sourcecode.c.objc; path = DLLogResults.m; sourceTree = "<group>"; };
		E9679BAF2776D51D00215D6C /* DLMainImage.h */ = {isa = PBXFileReference; lastKnownFileType = sourcecode.c.h; path = DLMainImage.h; sourceTree = "<group>"; };
		E9679BB02776D51D00215D6C /* DLMainImage.m */ = {isa = PBXFileReference; lastKnownFileType = sourcecode.c.objc; path = DLMainImage.m; sourceTree = "<group>"; };
		E970D281291853280082AD77 /* NSMutableDictionary+AutoInsertEntry.h */ = {isa = PBXFileReference; lastKnownFileType = sourcecode.c.h; path = "NSMutableDictionary+AutoInsertEntry.h"; sourceTree = "<group>"; };
		E970D282291853280082AD77 /* NSMutableDictionary+AutoInsertEntry.m */ = {isa = PBXFileReference; lastKnownFileType = sourcecode.c.objc; path = "NSMutableDictionary+AutoInsertEntry.m"; sourceTree = "<group>"; };
		E970D28A29185A5D0082AD77 /* ObjectiveCSymbolTest.m */ = {isa = PBXFileReference; lastKnownFileType = sourcecode.c.objc; path = ObjectiveCSymbolTest.m; sourceTree = "<group>"; };
		E976C5FE28E1197100C972AF /* SwiftSymbolTest.m */ = {isa = PBXFileReference; lastKnownFileType = sourcecode.c.objc; path = SwiftSymbolTest.m; sourceTree = "<group>"; };
		E976C60928E11CAC00C972AF /* darling-stub-gen-test.xctest */ = {isa = PBXFileReference; explicitFileType = wrapper.cfbundle; includeInIndex = 0; path = "darling-stub-gen-test.xctest"; sourceTree = BUILT_PRODUCTS_DIR; };
		E9B947C3276E6757000D52A2 /* darling-stub-gen */ = {isa = PBXFileReference; explicitFileType = "compiled.mach-o.executable"; includeInIndex = 0; path = "darling-stub-gen"; sourceTree = BUILT_PRODUCTS_DIR; };
		E9B947C6276E6757000D52A2 /* main.m */ = {isa = PBXFileReference; lastKnownFileType = sourcecode.c.objc; path = main.m; sourceTree = "<group>"; };
		E9B947DF276E6AAB000D52A2 /* darling-stub-gen.xcodeproj */ = {isa = PBXFileReference; lastKnownFileType = "wrapper.pb-project"; path = "darling-stub-gen.xcodeproj"; sourceTree = "<group>"; };
		E9B94840276EF75C000D52A2 /* DLLibraryParser.h */ = {isa = PBXFileReference; lastKnownFileType = sourcecode.c.h; path = DLLibraryParser.h; sourceTree = "<group>"; };
		E9B94841276EF75C000D52A2 /* DLLibraryParser.m */ = {isa = PBXFileReference; lastKnownFileType = sourcecode.c.objc; path = DLLibraryParser.m; sourceTree = "<group>"; };
		E9B9484627702948000D52A2 /* DLStubBuilder.h */ = {isa = PBXFileReference; lastKnownFileType = sourcecode.c.h; path = DLStubBuilder.h; sourceTree = "<group>"; };
		E9B9484727702948000D52A2 /* DLStubBuilder.m */ = {isa = PBXFileReference; lastKnownFileType = sourcecode.c.objc; path = DLStubBuilder.m; sourceTree = "<group>"; };
		E9B9486A277193E2000D52A2 /* DLObjectiveCMethod.h */ = {isa = PBXFileReference; lastKnownFileType = sourcecode.c.h; path = DLObjectiveCMethod.h; sourceTree = "<group>"; };
		E9B9486B277193E2000D52A2 /* DLObjectiveCMethod.m */ = {isa = PBXFileReference; lastKnownFileType = sourcecode.c.objc; path = DLObjectiveCMethod.m; sourceTree = "<group>"; };
		E9C6F85228DCA20F00F1ED94 /* DLSwiftSymbols.h */ = {isa = PBXFileReference; lastKnownFileType = sourcecode.c.h; path = DLSwiftSymbols.h; sourceTree = "<group>"; };
		E9C6F85328DCA20F00F1ED94 /* DLSwiftSymbols.m */ = {isa = PBXFileReference; lastKnownFileType = sourcecode.c.objc; path = DLSwiftSymbols.m; sourceTree = "<group>"; };
		E9F81AD228C8F5CF00B07345 /* DLError.m */ = {isa = PBXFileReference; lastKnownFileType = sourcecode.c.objc; path = DLError.m; sourceTree = "<group>"; };
		E9F81AD428C8F60A00B07345 /* DLError.h */ = {isa = PBXFileReference; lastKnownFileType = sourcecode.c.h; path = DLError.h; sourceTree = "<group>"; };
/* End PBXFileReference section */

/* Begin PBXFrameworksBuildPhase section */
		E976C60628E11CAC00C972AF /* Frameworks */ = {
			isa = PBXFrameworksBuildPhase;
			buildActionMask = 2147483647;
			files = (
			);
			runOnlyForDeploymentPostprocessing = 0;
		};
		E9B947C0276E6757000D52A2 /* Frameworks */ = {
			isa = PBXFrameworksBuildPhase;
			buildActionMask = 2147483647;
			files = (
				E9372EAF27B0A6FF00C5298C /* MachOKit.framework in Frameworks */,
			);
			runOnlyForDeploymentPostprocessing = 0;
		};
/* End PBXFrameworksBuildPhase section */

/* Begin PBXGroup section */
		E9237FCD28B1CE4A007F9CEB /* src */ = {
			isa = PBXGroup;
			children = (
				E970D288291853C40082AD77 /* category */,
				E9237FD128B1CE7E007F9CEB /* symbols */,
				E9B947C6276E6757000D52A2 /* main.m */,
				E9679BAA27751A5900215D6C /* DLArgumentParser.m */,
				E9B94841276EF75C000D52A2 /* DLLibraryParser.m */,
				E9679BAD277670DC00215D6C /* DLLogResults.m */,
				E9B9484727702948000D52A2 /* DLStubBuilder.m */,
				E9F81AD228C8F5CF00B07345 /* DLError.m */,
			);
			path = src;
			sourceTree = "<group>";
		};
		E9237FD128B1CE7E007F9CEB /* symbols */ = {
			isa = PBXGroup;
			children = (
				E9625053291827930034FEF0 /* objectivec */,
				E9C6F85128DCA17D00F1ED94 /* swift */,
				E9679BB02776D51D00215D6C /* DLMainImage.m */,
			);
			path = symbols;
			sourceTree = "<group>";
		};
		E9372E9527B0A56B00C5298C /* Products */ = {
			isa = PBXGroup;
			children = (
				E9372E9D27B0A56B00C5298C /* MachOKit.framework */,
				E9372E9F27B0A56B00C5298C /* MachOKitTests.xctest */,
				E9372EA127B0A56B00C5298C /* libMachO.a */,
			);
			name = Products;
			sourceTree = "<group>";
		};
		E9625053291827930034FEF0 /* objectivec */ = {
			isa = PBXGroup;
			children = (
				E9B9486B277193E2000D52A2 /* DLObjectiveCMethod.m */,
				E9679B852772DBBA00215D6C /* DLObjectiveCIVar.m */,
				E9625057291829280034FEF0 /* DLObjectiveCSymbols.m */,
			);
			path = objectivec;
			sourceTree = "<group>";
		};
		E9625054291827F20034FEF0 /* objectivec */ = {
			isa = PBXGroup;
			children = (
				E9B9486A277193E2000D52A2 /* DLObjectiveCMethod.h */,
				E9679B842772DBBA00215D6C /* DLObjectiveCIVar.h */,
				E9625056291829280034FEF0 /* DLObjectiveCSymbols.h */,
			);
			path = objectivec;
			sourceTree = "<group>";
		};
		E970D288291853C40082AD77 /* category */ = {
			isa = PBXGroup;
			children = (
				E970D282291853280082AD77 /* NSMutableDictionary+AutoInsertEntry.m */,
			);
			path = category;
			sourceTree = "<group>";
		};
		E970D289291853EF0082AD77 /* category */ = {
			isa = PBXGroup;
			children = (
				E970D281291853280082AD77 /* NSMutableDictionary+AutoInsertEntry.h */,
			);
			path = category;
			sourceTree = "<group>";
		};
		E976C60A28E11CAC00C972AF /* test */ = {
			isa = PBXGroup;
			children = (
				E970D28A29185A5D0082AD77 /* ObjectiveCSymbolTest.m */,
				E976C5FE28E1197100C972AF /* SwiftSymbolTest.m */,
			);
			path = test;
			sourceTree = "<group>";
		};
		E9B947BA276E6757000D52A2 = {
			isa = PBXGroup;
			children = (
				E976C60A28E11CAC00C972AF /* test */,
				E9237FCD28B1CE4A007F9CEB /* src */,
				E9B947C5276E6757000D52A2 /* include */,
				E9B947C4276E6757000D52A2 /* Products */,
				E9B947DB276E6A60000D52A2 /* Frameworks */,
			);
			sourceTree = "<group>";
		};
		E9B947C4276E6757000D52A2 /* Products */ = {
			isa = PBXGroup;
			children = (
				E9B947C3276E6757000D52A2 /* darling-stub-gen */,
				E976C60928E11CAC00C972AF /* darling-stub-gen-test.xctest */,
			);
			name = Products;
			sourceTree = "<group>";
		};
		E9B947C5276E6757000D52A2 /* include */ = {
			isa = PBXGroup;
			children = (
				E970D289291853EF0082AD77 /* category */,
				E9B948692771938F000D52A2 /* symbols */,
				E9679BA927751A5900215D6C /* DLArgumentParser.h */,
				E9B94840276EF75C000D52A2 /* DLLibraryParser.h */,
				E9679BAC277670DC00215D6C /* DLLogResults.h */,
				E9B9484627702948000D52A2 /* DLStubBuilder.h */,
				E9F81AD428C8F60A00B07345 /* DLError.h */,
			);
			path = include;
			sourceTree = "<group>";
		};
		E9B947DB276E6A60000D52A2 /* Frameworks */ = {
			isa = PBXGroup;
			children = (
				E9B947DF276E6AAB000D52A2 /* darling-stub-gen.xcodeproj */,
				E9372E9427B0A56B00C5298C /* MachOKit.xcodeproj */,
			);
			name = Frameworks;
			sourceTree = "<group>";
		};
		E9B947E0276E6AAB000D52A2 /* Products */ = {
			isa = PBXGroup;
			name = Products;
			sourceTree = "<group>";
		};
		E9B948692771938F000D52A2 /* symbols */ = {
			isa = PBXGroup;
			children = (
				E9625054291827F20034FEF0 /* objectivec */,
				E9C6F84D28DCA17100F1ED94 /* swift */,
				E9679BAF2776D51D00215D6C /* DLMainImage.h */,
			);
			path = symbols;
			sourceTree = "<group>";
		};
		E9C6F84D28DCA17100F1ED94 /* swift */ = {
			isa = PBXGroup;
			children = (
				E9C6F85228DCA20F00F1ED94 /* DLSwiftSymbols.h */,
			);
			path = swift;
			sourceTree = "<group>";
		};
		E9C6F85128DCA17D00F1ED94 /* swift */ = {
			isa = PBXGroup;
			children = (
				E9C6F85328DCA20F00F1ED94 /* DLSwiftSymbols.m */,
			);
			path = swift;
			sourceTree = "<group>";
		};
/* End PBXGroup section */

/* Begin PBXNativeTarget section */
		E976C60828E11CAC00C972AF /* darling-stub-gen-test */ = {
			isa = PBXNativeTarget;
			buildConfigurationList = E976C60D28E11CAC00C972AF /* Build configuration list for PBXNativeTarget "darling-stub-gen-test" */;
			buildPhases = (
				E976C60528E11CAC00C972AF /* Sources */,
				E976C60628E11CAC00C972AF /* Frameworks */,
				E976C60728E11CAC00C972AF /* Resources */,
			);
			buildRules = (
			);
			dependencies = (
			);
			name = "darling-stub-gen-test";
			productName = "darling-stub-gen-test";
			productReference = E976C60928E11CAC00C972AF /* darling-stub-gen-test.xctest */;
			productType = "com.apple.product-type.bundle.unit-test";
		};
		E9B947C2276E6757000D52A2 /* darling-stub-gen */ = {
			isa = PBXNativeTarget;
			buildConfigurationList = E9B947CA276E6757000D52A2 /* Build configuration list for PBXNativeTarget "darling-stub-gen" */;
			buildPhases = (
				E9B947BF276E6757000D52A2 /* Sources */,
				E9B947C0276E6757000D52A2 /* Frameworks */,
				E9B947C1276E6757000D52A2 /* CopyFiles */,
				E9372EB127B0A6FF00C5298C /* Embed Frameworks */,
			);
			buildRules = (
			);
			dependencies = (
			);
			name = "darling-stub-gen";
			productName = "darling-stub-gen";
			productReference = E9B947C3276E6757000D52A2 /* darling-stub-gen */;
			productType = "com.apple.product-type.tool";
		};
/* End PBXNativeTarget section */

/* Begin PBXProject section */
		E9B947BB276E6757000D52A2 /* Project object */ = {
			isa = PBXProject;
			attributes = {
				BuildIndependentTargetsInParallel = 1;
				LastUpgradeCheck = 1320;
				TargetAttributes = {
					E976C60828E11CAC00C972AF = {
						CreatedOnToolsVersion = 14.0;
					};
					E9B947C2276E6757000D52A2 = {
						CreatedOnToolsVersion = 13.2.1;
					};
				};
			};
			buildConfigurationList = E9B947BE276E6757000D52A2 /* Build configuration list for PBXProject "darling-stub-gen" */;
			compatibilityVersion = "Xcode 13.0";
			developmentRegion = en;
			hasScannedForEncodings = 0;
			knownRegions = (
				en,
				Base,
			);
			mainGroup = E9B947BA276E6757000D52A2;
			productRefGroup = E9B947C4276E6757000D52A2 /* Products */;
			projectDirPath = "";
			projectReferences = (
				{
					ProductGroup = E9B947E0276E6AAB000D52A2 /* Products */;
					ProjectRef = E9B947DF276E6AAB000D52A2 /* darling-stub-gen.xcodeproj */;
				},
				{
					ProductGroup = E9372E9527B0A56B00C5298C /* Products */;
					ProjectRef = E9372E9427B0A56B00C5298C /* MachOKit.xcodeproj */;
				},
			);
			projectRoot = "";
			targets = (
				E9B947C2276E6757000D52A2 /* darling-stub-gen */,
				E976C60828E11CAC00C972AF /* darling-stub-gen-test */,
			);
		};
/* End PBXProject section */

/* Begin PBXReferenceProxy section */
		E9372E9D27B0A56B00C5298C /* MachOKit.framework */ = {
			isa = PBXReferenceProxy;
			fileType = wrapper.framework;
			path = MachOKit.framework;
			remoteRef = E9372E9C27B0A56B00C5298C /* PBXContainerItemProxy */;
			sourceTree = BUILT_PRODUCTS_DIR;
		};
		E9372E9F27B0A56B00C5298C /* MachOKitTests.xctest */ = {
			isa = PBXReferenceProxy;
			fileType = wrapper.cfbundle;
			path = MachOKitTests.xctest;
			remoteRef = E9372E9E27B0A56B00C5298C /* PBXContainerItemProxy */;
			sourceTree = BUILT_PRODUCTS_DIR;
		};
		E9372EA127B0A56B00C5298C /* libMachO.a */ = {
			isa = PBXReferenceProxy;
			fileType = archive.ar;
			path = libMachO.a;
			remoteRef = E9372EA027B0A56B00C5298C /* PBXContainerItemProxy */;
			sourceTree = BUILT_PRODUCTS_DIR;
		};
/* End PBXReferenceProxy section */

/* Begin PBXResourcesBuildPhase section */
		E976C60728E11CAC00C972AF /* Resources */ = {
			isa = PBXResourcesBuildPhase;
			buildActionMask = 2147483647;
			files = (
			);
			runOnlyForDeploymentPostprocessing = 0;
		};
/* End PBXResourcesBuildPhase section */

/* Begin PBXSourcesBuildPhase section */
		E976C60528E11CAC00C972AF /* Sources */ = {
			isa = PBXSourcesBuildPhase;
			buildActionMask = 2147483647;
			files = (
				E976C61128E1204500C972AF /* DLSwiftSymbols.m in Sources */,
				E976C61228E1204500C972AF /* DLObjectiveCMethod.m in Sources */,
				E976C61328E1204500C972AF /* DLObjectiveCIVar.m in Sources */,
				E976C61428E1204500C972AF /* DLMainImage.m in Sources */,
				E976C61528E1204500C972AF /* main.m in Sources */,
				E976C61628E1204500C972AF /* DLArgumentParser.m in Sources */,
				E976C61728E1204500C972AF /* DLLibraryParser.m in Sources */,
				E9625059291829290034FEF0 /* DLObjectiveCSymbols.m in Sources */,
				E976C61828E1204500C972AF /* DLLogResults.m in Sources */,
				E970D28B29185A5D0082AD77 /* ObjectiveCSymbolTest.m in Sources */,
				E976C61928E1204500C972AF /* DLStubBuilder.m in Sources */,
				E976C61A28E1204500C972AF /* DLError.m in Sources */,
				E976C61028E11CBE00C972AF /* SwiftSymbolTest.m in Sources */,
				E970D284291853280082AD77 /* NSMutableDictionary+AutoInsertEntry.m in Sources */,
			);
			runOnlyForDeploymentPostprocessing = 0;
		};
		E9B947BF276E6757000D52A2 /* Sources */ = {
			isa = PBXSourcesBuildPhase;
			buildActionMask = 2147483647;
			files = (
				E9679BB12776D51D00215D6C /* DLMainImage.m in Sources */,
				E970D283291853280082AD77 /* NSMutableDictionary+AutoInsertEntry.m in Sources */,
				E9625058291829280034FEF0 /* DLObjectiveCSymbols.m in Sources */,
				E9B94842276EF75C000D52A2 /* DLLibraryParser.m in Sources */,
				E9679BAB27751A5900215D6C /* DLArgumentParser.m in Sources */,
				E9C6F85428DCA20F00F1ED94 /* DLSwiftSymbols.m in Sources */,
				E9F81AD328C8F5CF00B07345 /* DLError.m in Sources */,
				E9679BAE277670DC00215D6C /* DLLogResults.m in Sources */,
				E9B9484827702948000D52A2 /* DLStubBuilder.m in Sources */,
				E9B9486C277193E2000D52A2 /* DLObjectiveCMethod.m in Sources */,
				E9679B862772DBBA00215D6C /* DLObjectiveCIVar.m in Sources */,
				E9B947C7276E6757000D52A2 /* main.m in Sources */,
			);
			runOnlyForDeploymentPostprocessing = 0;
		};
/* End PBXSourcesBuildPhase section */

/* Begin XCBuildConfiguration section */
		E976C60E28E11CAC00C972AF /* Debug */ = {
			isa = XCBuildConfiguration;
			buildSettings = {
				CLANG_CXX_LANGUAGE_STANDARD = "gnu++20";
				CODE_SIGN_STYLE = Automatic;
				CURRENT_PROJECT_VERSION = 1;
				GENERATE_INFOPLIST_FILE = YES;
				HEADER_SEARCH_PATHS = include;
				MACOSX_DEPLOYMENT_TARGET = 12.3;
				MARKETING_VERSION = 1.0;
				PRODUCT_BUNDLE_IDENTIFIER = "darling.darling-stub-gen-test";
				PRODUCT_NAME = "$(TARGET_NAME)";
				SWIFT_EMIT_LOC_STRINGS = NO;
			};
			name = Debug;
		};
		E976C60F28E11CAC00C972AF /* Release */ = {
			isa = XCBuildConfiguration;
			buildSettings = {
				CLANG_CXX_LANGUAGE_STANDARD = "gnu++20";
				CODE_SIGN_STYLE = Automatic;
				CURRENT_PROJECT_VERSION = 1;
				GENERATE_INFOPLIST_FILE = YES;
				HEADER_SEARCH_PATHS = include;
				MACOSX_DEPLOYMENT_TARGET = 12.3;
				MARKETING_VERSION = 1.0;
				PRODUCT_BUNDLE_IDENTIFIER = "darling.darling-stub-gen-test";
				PRODUCT_NAME = "$(TARGET_NAME)";
				SWIFT_EMIT_LOC_STRINGS = NO;
			};
			name = Release;
		};
		E9B947C8276E6757000D52A2 /* Debug */ = {
			isa = XCBuildConfiguration;
			buildSettings = {
				ALWAYS_SEARCH_USER_PATHS = NO;
				CLANG_ANALYZER_NONNULL = YES;
				CLANG_ANALYZER_NUMBER_OBJECT_CONVERSION = YES_AGGRESSIVE;
				CLANG_CXX_LANGUAGE_STANDARD = "gnu++17";
				CLANG_CXX_LIBRARY = "libc++";
				CLANG_ENABLE_MODULES = YES;
				CLANG_ENABLE_OBJC_ARC = YES;
				CLANG_ENABLE_OBJC_WEAK = YES;
				CLANG_WARN_BLOCK_CAPTURE_AUTORELEASING = YES;
				CLANG_WARN_BOOL_CONVERSION = YES;
				CLANG_WARN_COMMA = YES;
				CLANG_WARN_CONSTANT_CONVERSION = YES;
				CLANG_WARN_DEPRECATED_OBJC_IMPLEMENTATIONS = YES;
				CLANG_WARN_DIRECT_OBJC_ISA_USAGE = YES_ERROR;
				CLANG_WARN_DOCUMENTATION_COMMENTS = YES;
				CLANG_WARN_EMPTY_BODY = YES;
				CLANG_WARN_ENUM_CONVERSION = YES;
				CLANG_WARN_INFINITE_RECURSION = YES;
				CLANG_WARN_INT_CONVERSION = YES;
				CLANG_WARN_NON_LITERAL_NULL_CONVERSION = YES;
				CLANG_WARN_OBJC_IMPLICIT_RETAIN_SELF = YES;
				CLANG_WARN_OBJC_LITERAL_CONVERSION = YES;
				CLANG_WARN_OBJC_ROOT_CLASS = YES_ERROR;
				CLANG_WARN_QUOTED_INCLUDE_IN_FRAMEWORK_HEADER = YES;
				CLANG_WARN_RANGE_LOOP_ANALYSIS = YES;
				CLANG_WARN_STRICT_PROTOTYPES = YES;
				CLANG_WARN_SUSPICIOUS_MOVE = YES;
				CLANG_WARN_UNGUARDED_AVAILABILITY = YES_AGGRESSIVE;
				CLANG_WARN_UNREACHABLE_CODE = YES;
				CLANG_WARN__DUPLICATE_METHOD_MATCH = YES;
				COPY_PHASE_STRIP = NO;
				DEBUG_INFORMATION_FORMAT = dwarf;
				ENABLE_STRICT_OBJC_MSGSEND = YES;
				ENABLE_TESTABILITY = YES;
				GCC_C_LANGUAGE_STANDARD = gnu11;
				GCC_DYNAMIC_NO_PIC = NO;
				GCC_NO_COMMON_BLOCKS = YES;
				GCC_OPTIMIZATION_LEVEL = 0;
				GCC_PREPROCESSOR_DEFINITIONS = (
					"DEBUG=1",
					"$(inherited)",
				);
				GCC_WARN_64_TO_32_BIT_CONVERSION = YES;
				GCC_WARN_ABOUT_RETURN_TYPE = YES_ERROR;
				GCC_WARN_UNDECLARED_SELECTOR = YES;
				GCC_WARN_UNINITIALIZED_AUTOS = YES_AGGRESSIVE;
				GCC_WARN_UNUSED_FUNCTION = YES;
				GCC_WARN_UNUSED_VARIABLE = YES;
				MACOSX_DEPLOYMENT_TARGET = 12.0;
				MTL_ENABLE_DEBUG_INFO = INCLUDE_SOURCE;
				MTL_FAST_MATH = YES;
				ONLY_ACTIVE_ARCH = YES;
				SDKROOT = macosx;
			};
			name = Debug;
		};
		E9B947C9276E6757000D52A2 /* Release */ = {
			isa = XCBuildConfiguration;
			buildSettings = {
				ALWAYS_SEARCH_USER_PATHS = NO;
				CLANG_ANALYZER_NONNULL = YES;
				CLANG_ANALYZER_NUMBER_OBJECT_CONVERSION = YES_AGGRESSIVE;
				CLANG_CXX_LANGUAGE_STANDARD = "gnu++17";
				CLANG_CXX_LIBRARY = "libc++";
				CLANG_ENABLE_MODULES = YES;
				CLANG_ENABLE_OBJC_ARC = YES;
				CLANG_ENABLE_OBJC_WEAK = YES;
				CLANG_WARN_BLOCK_CAPTURE_AUTORELEASING = YES;
				CLANG_WARN_BOOL_CONVERSION = YES;
				CLANG_WARN_COMMA = YES;
				CLANG_WARN_CONSTANT_CONVERSION = YES;
				CLANG_WARN_DEPRECATED_OBJC_IMPLEMENTATIONS = YES;
				CLANG_WARN_DIRECT_OBJC_ISA_USAGE = YES_ERROR;
				CLANG_WARN_DOCUMENTATION_COMMENTS = YES;
				CLANG_WARN_EMPTY_BODY = YES;
				CLANG_WARN_ENUM_CONVERSION = YES;
				CLANG_WARN_INFINITE_RECURSION = YES;
				CLANG_WARN_INT_CONVERSION = YES;
				CLANG_WARN_NON_LITERAL_NULL_CONVERSION = YES;
				CLANG_WARN_OBJC_IMPLICIT_RETAIN_SELF = YES;
				CLANG_WARN_OBJC_LITERAL_CONVERSION = YES;
				CLANG_WARN_OBJC_ROOT_CLASS = YES_ERROR;
				CLANG_WARN_QUOTED_INCLUDE_IN_FRAMEWORK_HEADER = YES;
				CLANG_WARN_RANGE_LOOP_ANALYSIS = YES;
				CLANG_WARN_STRICT_PROTOTYPES = YES;
				CLANG_WARN_SUSPICIOUS_MOVE = YES;
				CLANG_WARN_UNGUARDED_AVAILABILITY = YES_AGGRESSIVE;
				CLANG_WARN_UNREACHABLE_CODE = YES;
				CLANG_WARN__DUPLICATE_METHOD_MATCH = YES;
				COPY_PHASE_STRIP = NO;
				DEBUG_INFORMATION_FORMAT = "dwarf-with-dsym";
				ENABLE_NS_ASSERTIONS = NO;
				ENABLE_STRICT_OBJC_MSGSEND = YES;
				GCC_C_LANGUAGE_STANDARD = gnu11;
				GCC_NO_COMMON_BLOCKS = YES;
				GCC_WARN_64_TO_32_BIT_CONVERSION = YES;
				GCC_WARN_ABOUT_RETURN_TYPE = YES_ERROR;
				GCC_WARN_UNDECLARED_SELECTOR = YES;
				GCC_WARN_UNINITIALIZED_AUTOS = YES_AGGRESSIVE;
				GCC_WARN_UNUSED_FUNCTION = YES;
				GCC_WARN_UNUSED_VARIABLE = YES;
				MACOSX_DEPLOYMENT_TARGET = 12.0;
				MTL_ENABLE_DEBUG_INFO = NO;
				MTL_FAST_MATH = YES;
				SDKROOT = macosx;
			};
			name = Release;
		};
		E9B947CB276E6757000D52A2 /* Debug */ = {
			isa = XCBuildConfiguration;
			buildSettings = {
				CODE_SIGN_IDENTITY = "-";
				CODE_SIGN_STYLE = Automatic;
				HEADER_SEARCH_PATHS = (
					include,
					../include,
				);
				PRODUCT_NAME = "$(TARGET_NAME)";
			};
			name = Debug;
		};
		E9B947CC276E6757000D52A2 /* Release */ = {
			isa = XCBuildConfiguration;
			buildSettings = {
				CODE_SIGN_IDENTITY = "-";
				CODE_SIGN_STYLE = Automatic;
				HEADER_SEARCH_PATHS = (
					include,
					../include,
				);
				PRODUCT_NAME = "$(TARGET_NAME)";
			};
			name = Release;
		};
/* End XCBuildConfiguration section */

/* Begin XCConfigurationList section */
		E976C60D28E11CAC00C972AF /* Build configuration list for PBXNativeTarget "darling-stub-gen-test" */ = {
			isa = XCConfigurationList;
			buildConfigurations = (
				E976C60E28E11CAC00C972AF /* Debug */,
				E976C60F28E11CAC00C972AF /* Release */,
			);
			defaultConfigurationIsVisible = 0;
			defaultConfigurationName = Release;
		};
		E9B947BE276E6757000D52A2 /* Build configuration list for PBXProject "darling-stub-gen" */ = {
			isa = XCConfigurationList;
			buildConfigurations = (
				E9B947C8276E6757000D52A2 /* Debug */,
				E9B947C9276E6757000D52A2 /* Release */,
			);
			defaultConfigurationIsVisible = 0;
			defaultConfigurationName = Release;
		};
		E9B947CA276E6757000D52A2 /* Build configuration list for PBXNativeTarget "darling-stub-gen" */ = {
			isa = XCConfigurationList;
			buildConfigurations = (
				E9B947CB276E6757000D52A2 /* Debug */,
				E9B947CC276E6757000D52A2 /* Release */,
			);
			defaultConfigurationIsVisible = 0;
			defaultConfigurationName = Release;
		};
/* End XCConfigurationList section */
	};
	rootObject = E9B947BB276E6757000D52A2 /* Project object */;
}
